
Microsoft Visual Studio Solution File, Format Version 12.00
# Visual Studio Version 17
VisualStudioVersion = 17.4.33122.133
MinimumVisualStudioVersion = 10.0.40219.1
Project("{FAE04EC0-301F-11D3-BF4B-00C04F79EFBC}") = "DependencyInjectionSample", "DependencyInjectionSample\DependencyInjectionSample.csproj", "{463BE073-04C9-4062-888D-04670C43BDC4}"
EndProject
Global
	GlobalSection(SolutionConfigurationPlatforms) = preSolution
		Debug|Any CPU = Debug|Any CPU
		Release|Any CPU = Release|Any CPU
	EndGlobalSection
	GlobalSection(ProjectConfigurationPlatforms) = postSolution
		{463BE073-04C9-4062-888D-04670C43BDC4}.Debug|Any CPU.ActiveCfg = Debug|Any CPU
		{463BE073-04C9-4062-888D-04670C43BDC4}.Debug|Any CPU.Build.0 = Debug|Any CPU
		{463BE073-04C9-4062-888D-04670C43BDC4}.Release|Any CPU.ActiveCfg = Release|Any CPU
		{463BE073-04C9-4062-888D-04670C43BDC4}.Release|Any CPU.Build.0 = Release|Any CPU
	EndGlobalSection
	GlobalSection(SolutionProperties) = preSolution
		HideSolutionNode = FALSE
	EndGlobalSection
	GlobalSection(ExtensibilityGlobals) = postSolution
		SolutionGuid = {23FF1424-D014-436D-90A9-895BCE546768}
	EndGlobalSection
EndGlobal
